{
  "name": "npm-version",
  "version": "1.0.0",
  "lockfileVersion": 1,
  "requires": true,
  "dependencies": {
    "vue-router-cache": {
      "version": "1.0.3",
      "resolved": "https://registry.npmjs.org/vue-router-cache/-/vue-router-cache-1.0.3.tgz",
      "integrity": "sha512-1ndtHd/FtBhzrkpkZlmyfDb6zCCRjEtYjct0Ndb52uBJvuP8mGQmXh4uXwm9JcZKQ5tp2N5ooupU/6cqurFWkA==",
      "dev": true
    }
  }
}
